// !$*UTF8*$!
{
	archiveVersion = 1;
	classes = {
	};
	objectVersion = 46;
	objects = {

/* Begin PBXBuildFile section */
		18861913199C0B09007635FC /* UIImage+Tab.m in Sources */ = {isa = PBXBuildFile; fileRef = 18861912199C0B09007635FC /* UIImage+Tab.m */; };
		18E9F9A21995B6F000E6DC8F /* ZDGesturePasswordViewController.m in Sources */ = {isa = PBXBuildFile; fileRef = 18E9F9921995B6F000E6DC8F /* ZDGesturePasswordViewController.m */; };
		18E9F9A31995B6F000E6DC8F /* ZDLoginViewController.m in Sources */ = {isa = PBXBuildFile; fileRef = 18E9F9941995B6F000E6DC8F /* ZDLoginViewController.m */; };
		18E9F9A41995B6F000E6DC8F /* ZDTabBarViewController.m in Sources */ = {isa = PBXBuildFile; fileRef = 18E9F9971995B6F000E6DC8F /* ZDTabBarViewController.m */; };
		18E9F9A51995B6F000E6DC8F /* ZDProductDetailViewController.m in Sources */ = {isa = PBXBuildFile; fileRef = 18E9F99A1995B6F000E6DC8F /* ZDProductDetailViewController.m */; };
		18E9F9A61995B6F000E6DC8F /* ZDProductsListViewController.m in Sources */ = {isa = PBXBuildFile; fileRef = 18E9F99C1995B6F000E6DC8F /* ZDProductsListViewController.m */; };
		18E9F9A81995B6F000E6DC8F /* ZDSettingViewController.m in Sources */ = {isa = PBXBuildFile; fileRef = 18E9F9A11995B6F000E6DC8F /* ZDSettingViewController.m */; };
		6724CB531994B26600E1C058 /* Foundation.framework in Frameworks */ = {isa = PBXBuildFile; fileRef = 6724CB521994B26600E1C058 /* Foundation.framework */; };
		6724CB551994B26600E1C058 /* CoreGraphics.framework in Frameworks */ = {isa = PBXBuildFile; fileRef = 6724CB541994B26600E1C058 /* CoreGraphics.framework */; };
		6724CB571994B26600E1C058 /* UIKit.framework in Frameworks */ = {isa = PBXBuildFile; fileRef = 6724CB561994B26600E1C058 /* UIKit.framework */; };
		6724CB5D1994B26600E1C058 /* InfoPlist.strings in Resources */ = {isa = PBXBuildFile; fileRef = 6724CB5B1994B26600E1C058 /* InfoPlist.strings */; };
		6724CB5F1994B26600E1C058 /* main.m in Sources */ = {isa = PBXBuildFile; fileRef = 6724CB5E1994B26600E1C058 /* main.m */; };
		6724CB631994B26600E1C058 /* ZDAppDelegate.m in Sources */ = {isa = PBXBuildFile; fileRef = 6724CB621994B26600E1C058 /* ZDAppDelegate.m */; };
		6724CB661994B26600E1C058 /* Main_iPhone.storyboard in Resources */ = {isa = PBXBuildFile; fileRef = 6724CB641994B26600E1C058 /* Main_iPhone.storyboard */; };
		6724CB691994B26600E1C058 /* Main_iPad.storyboard in Resources */ = {isa = PBXBuildFile; fileRef = 6724CB671994B26600E1C058 /* Main_iPad.storyboard */; };
		6724CB6E1994B26600E1C058 /* Images.xcassets in Resources */ = {isa = PBXBuildFile; fileRef = 6724CB6D1994B26600E1C058 /* Images.xcassets */; };
		6724CB751994B26600E1C058 /* XCTest.framework in Frameworks */ = {isa = PBXBuildFile; fileRef = 6724CB741994B26600E1C058 /* XCTest.framework */; };
		6724CB761994B26600E1C058 /* Foundation.framework in Frameworks */ = {isa = PBXBuildFile; fileRef = 6724CB521994B26600E1C058 /* Foundation.framework */; };
		6724CB771994B26600E1C058 /* UIKit.framework in Frameworks */ = {isa = PBXBuildFile; fileRef = 6724CB561994B26600E1C058 /* UIKit.framework */; };
		6724CB7F1994B26600E1C058 /* InfoPlist.strings in Resources */ = {isa = PBXBuildFile; fileRef = 6724CB7D1994B26600E1C058 /* InfoPlist.strings */; };
		6724CB811994B26600E1C058 /* CRMManagerTests.m in Sources */ = {isa = PBXBuildFile; fileRef = 6724CB801994B26600E1C058 /* CRMManagerTests.m */; };
		6724CBA21994BD6A00E1C058 /* NSString+Tony.m in Sources */ = {isa = PBXBuildFile; fileRef = 6724CBA11994BD6A00E1C058 /* NSString+Tony.m */; };
		67B7013E199B607F0061C345 /* ContactRecord.m in Sources */ = {isa = PBXBuildFile; fileRef = 67B7013D199B607F0061C345 /* ContactRecord.m */; };
		67B70141199B61970061C345 /* ZDContactRecord.m in Sources */ = {isa = PBXBuildFile; fileRef = 67B70140199B61970061C345 /* ZDContactRecord.m */; };
		67B96CB11999B03300CBF5AF /* ZDGesturePasswordSettingViewController.m in Sources */ = {isa = PBXBuildFile; fileRef = 67B96CB01999B03300CBF5AF /* ZDGesturePasswordSettingViewController.m */; };
		67BBE06E19A19D11006BE12C /* ZDChanceViewController.m in Sources */ = {isa = PBXBuildFile; fileRef = 67BBE06D19A19D11006BE12C /* ZDChanceViewController.m */; };
		67BDCB2E199DF83B00853285 /* ZDSuggestionViewController.m in Sources */ = {isa = PBXBuildFile; fileRef = 67BDCB2D199DF83B00853285 /* ZDSuggestionViewController.m */; };
		67C39A6119985FBA00D796EA /* SSFPasswordGestureView.m in Sources */ = {isa = PBXBuildFile; fileRef = 67C39A5D19985FBA00D796EA /* SSFPasswordGestureView.m */; };
		67C39A6219985FBA00D796EA /* SSFPasswordGestureView.xib in Resources */ = {isa = PBXBuildFile; fileRef = 67C39A5E19985FBA00D796EA /* SSFPasswordGestureView.xib */; };
		67C39A6319985FBA00D796EA /* SSFPathLineLayer.m in Sources */ = {isa = PBXBuildFile; fileRef = 67C39A6019985FBA00D796EA /* SSFPathLineLayer.m */; };
		67C39A661998A89E00D796EA /* Business.m in Sources */ = {isa = PBXBuildFile; fileRef = 67C39A651998A89E00D796EA /* Business.m */; };
		FF59822C199CFC360031D575 /* SSFLeftRightSwipeTableViewCell.m in Sources */ = {isa = PBXBuildFile; fileRef = FF59822A199CFC360031D575 /* SSFLeftRightSwipeTableViewCell.m */; };
		FF59822D199CFC360031D575 /* SSFLeftRightSwipeTableViewCell.xib in Resources */ = {isa = PBXBuildFile; fileRef = FF59822B199CFC360031D575 /* SSFLeftRightSwipeTableViewCell.xib */; };
		FF59828A19A10FC50031D575 /* SSFSegmentControl.m in Sources */ = {isa = PBXBuildFile; fileRef = FF59828819A10FC50031D575 /* SSFSegmentControl.m */; };
		FF59828B19A10FC50031D575 /* SSFSegmentControl.xib in Resources */ = {isa = PBXBuildFile; fileRef = FF59828919A10FC50031D575 /* SSFSegmentControl.xib */; };
		FF8F1A93199604BC0062B71C /* ZDWebService+URL.m in Sources */ = {isa = PBXBuildFile; fileRef = FF8F1A8D199604BC0062B71C /* ZDWebService+URL.m */; };
		FF8F1A94199604BC0062B71C /* ZDWebService.m in Sources */ = {isa = PBXBuildFile; fileRef = FF8F1A8F199604BC0062B71C /* ZDWebService.m */; };
		FF8F1A95199604BC0062B71C /* ZDModeClient.m in Sources */ = {isa = PBXBuildFile; fileRef = FF8F1A92199604BC0062B71C /* ZDModeClient.m */; };
		FF8F1A981996051F0062B71C /* ZDModel.xcdatamodeld in Sources */ = {isa = PBXBuildFile; fileRef = FF8F1A961996051F0062B71C /* ZDModel.xcdatamodeld */; };
		FF8F1A9B199611B40062B71C /* Product.m in Sources */ = {isa = PBXBuildFile; fileRef = FF8F1A9A199611B40062B71C /* Product.m */; };
		FF8F1A9E199611B50062B71C /* Customer.m in Sources */ = {isa = PBXBuildFile; fileRef = FF8F1A9D199611B50062B71C /* Customer.m */; };
		FF8F1AA1199611B50062B71C /* ManagerUser.m in Sources */ = {isa = PBXBuildFile; fileRef = FF8F1AA0199611B50062B71C /* ManagerUser.m */; };
		FF8F1AA4199611B50062B71C /* ProductDetail.m in Sources */ = {isa = PBXBuildFile; fileRef = FF8F1AA3199611B50062B71C /* ProductDetail.m */; };
		FF8F1AA71996121D0062B71C /* ZDLocalDB.m in Sources */ = {isa = PBXBuildFile; fileRef = FF8F1AA61996121D0062B71C /* ZDLocalDB.m */; };
		FF8F1AAA199618850062B71C /* ZDCachePathUtility.m in Sources */ = {isa = PBXBuildFile; fileRef = FF8F1AA9199618850062B71C /* ZDCachePathUtility.m */; };
		FF8F1AAD199755520062B71C /* ZDManagerUser.m in Sources */ = {isa = PBXBuildFile; fileRef = FF8F1AAC199755520062B71C /* ZDManagerUser.m */; };
		FF8F1AB0199755A10062B71C /* ZDCustomer.m in Sources */ = {isa = PBXBuildFile; fileRef = FF8F1AAF199755A10062B71C /* ZDCustomer.m */; };
		FF8F1AB3199755D10062B71C /* ZDProduct.m in Sources */ = {isa = PBXBuildFile; fileRef = FF8F1AB2199755D10062B71C /* ZDProduct.m */; };
		FF8F1AB6199756320062B71C /* ZDProductDetail.m in Sources */ = {isa = PBXBuildFile; fileRef = FF8F1AB5199756320062B71C /* ZDProductDetail.m */; };
/* End PBXBuildFile section */

/* Begin PBXContainerItemProxy section */
		6724CB781994B26600E1C058 /* PBXContainerItemProxy */ = {
			isa = PBXContainerItemProxy;
			containerPortal = 6724CB471994B26600E1C058 /* Project object */;
			proxyType = 1;
			remoteGlobalIDString = 6724CB4E1994B26600E1C058;
			remoteInfo = CRMManager;
		};
/* End PBXContainerItemProxy section */

/* Begin PBXFileReference section */
		18861911199C0B09007635FC /* UIImage+Tab.h */ = {isa = PBXFileReference; fileEncoding = 4; lastKnownFileType = sourcecode.c.h; path = "UIImage+Tab.h"; sourceTree = "<group>"; };
		18861912199C0B09007635FC /* UIImage+Tab.m */ = {isa = PBXFileReference; fileEncoding = 4; lastKnownFileType = sourcecode.c.objc; path = "UIImage+Tab.m"; sourceTree = "<group>"; };
		18E9F9911995B6F000E6DC8F /* ZDGesturePasswordViewController.h */ = {isa = PBXFileReference; fileEncoding = 4; lastKnownFileType = sourcecode.c.h; path = ZDGesturePasswordViewController.h; sourceTree = "<group>"; };
		18E9F9921995B6F000E6DC8F /* ZDGesturePasswordViewController.m */ = {isa = PBXFileReference; fileEncoding = 4; lastKnownFileType = sourcecode.c.objc; path = ZDGesturePasswordViewController.m; sourceTree = "<group>"; };
		18E9F9931995B6F000E6DC8F /* ZDLoginViewController.h */ = {isa = PBXFileReference; fileEncoding = 4; lastKnownFileType = sourcecode.c.h; path = ZDLoginViewController.h; sourceTree = "<group>"; };
		18E9F9941995B6F000E6DC8F /* ZDLoginViewController.m */ = {isa = PBXFileReference; fileEncoding = 4; lastKnownFileType = sourcecode.c.objc; path = ZDLoginViewController.m; sourceTree = "<group>"; };
		18E9F9961995B6F000E6DC8F /* ZDTabBarViewController.h */ = {isa = PBXFileReference; fileEncoding = 4; lastKnownFileType = sourcecode.c.h; path = ZDTabBarViewController.h; sourceTree = "<group>"; };
		18E9F9971995B6F000E6DC8F /* ZDTabBarViewController.m */ = {isa = PBXFileReference; fileEncoding = 4; lastKnownFileType = sourcecode.c.objc; path = ZDTabBarViewController.m; sourceTree = "<group>"; };
		18E9F9991995B6F000E6DC8F /* ZDProductDetailViewController.h */ = {isa = PBXFileReference; fileEncoding = 4; lastKnownFileType = sourcecode.c.h; path = ZDProductDetailViewController.h; sourceTree = "<group>"; };
		18E9F99A1995B6F000E6DC8F /* ZDProductDetailViewController.m */ = {isa = PBXFileReference; fileEncoding = 4; lastKnownFileType = sourcecode.c.objc; path = ZDProductDetailViewController.m; sourceTree = "<group>"; };
		18E9F99B1995B6F000E6DC8F /* ZDProductsListViewController.h */ = {isa = PBXFileReference; fileEncoding = 4; lastKnownFileType = sourcecode.c.h; path = ZDProductsListViewController.h; sourceTree = "<group>"; };
		18E9F99C1995B6F000E6DC8F /* ZDProductsListViewController.m */ = {isa = PBXFileReference; fileEncoding = 4; lastKnownFileType = sourcecode.c.objc; path = ZDProductsListViewController.m; sourceTree = "<group>"; };
		18E9F9A01995B6F000E6DC8F /* ZDSettingViewController.h */ = {isa = PBXFileReference; fileEncoding = 4; lastKnownFileType = sourcecode.c.h; path = ZDSettingViewController.h; sourceTree = "<group>"; };
		18E9F9A11995B6F000E6DC8F /* ZDSettingViewController.m */ = {isa = PBXFileReference; fileEncoding = 4; lastKnownFileType = sourcecode.c.objc; path = ZDSettingViewController.m; sourceTree = "<group>"; };
		6724CB4F1994B26600E1C058 /* CRMManager.app */ = {isa = PBXFileReference; explicitFileType = wrapper.application; includeInIndex = 0; path = CRMManager.app; sourceTree = BUILT_PRODUCTS_DIR; };
		6724CB521994B26600E1C058 /* Foundation.framework */ = {isa = PBXFileReference; lastKnownFileType = wrapper.framework; name = Foundation.framework; path = System/Library/Frameworks/Foundation.framework; sourceTree = SDKROOT; };
		6724CB541994B26600E1C058 /* CoreGraphics.framework */ = {isa = PBXFileReference; lastKnownFileType = wrapper.framework; name = CoreGraphics.framework; path = System/Library/Frameworks/CoreGraphics.framework; sourceTree = SDKROOT; };
		6724CB561994B26600E1C058 /* UIKit.framework */ = {isa = PBXFileReference; lastKnownFileType = wrapper.framework; name = UIKit.framework; path = System/Library/Frameworks/UIKit.framework; sourceTree = SDKROOT; };
		6724CB5A1994B26600E1C058 /* CRMManager-Info.plist */ = {isa = PBXFileReference; lastKnownFileType = text.plist.xml; path = "CRMManager-Info.plist"; sourceTree = "<group>"; };
		6724CB5C1994B26600E1C058 /* en */ = {isa = PBXFileReference; lastKnownFileType = text.plist.strings; name = en; path = en.lproj/InfoPlist.strings; sourceTree = "<group>"; };
		6724CB5E1994B26600E1C058 /* main.m */ = {isa = PBXFileReference; lastKnownFileType = sourcecode.c.objc; path = main.m; sourceTree = "<group>"; };
		6724CB601994B26600E1C058 /* CRMManager-Prefix.pch */ = {isa = PBXFileReference; lastKnownFileType = sourcecode.c.h; path = "CRMManager-Prefix.pch"; sourceTree = "<group>"; };
		6724CB611994B26600E1C058 /* ZDAppDelegate.h */ = {isa = PBXFileReference; lastKnownFileType = sourcecode.c.h; path = ZDAppDelegate.h; sourceTree = "<group>"; };
		6724CB621994B26600E1C058 /* ZDAppDelegate.m */ = {isa = PBXFileReference; lastKnownFileType = sourcecode.c.objc; path = ZDAppDelegate.m; sourceTree = "<group>"; };
		6724CB651994B26600E1C058 /* Base */ = {isa = PBXFileReference; lastKnownFileType = file.storyboard; name = Base; path = Base.lproj/Main_iPhone.storyboard; sourceTree = "<group>"; };
		6724CB681994B26600E1C058 /* Base */ = {isa = PBXFileReference; lastKnownFileType = file.storyboard; name = Base; path = Base.lproj/Main_iPad.storyboard; sourceTree = "<group>"; };
		6724CB6D1994B26600E1C058 /* Images.xcassets */ = {isa = PBXFileReference; lastKnownFileType = folder.assetcatalog; path = Images.xcassets; sourceTree = "<group>"; };
		6724CB731994B26600E1C058 /* CRMManagerTests.xctest */ = {isa = PBXFileReference; explicitFileType = wrapper.cfbundle; includeInIndex = 0; path = CRMManagerTests.xctest; sourceTree = BUILT_PRODUCTS_DIR; };
		6724CB741994B26600E1C058 /* XCTest.framework */ = {isa = PBXFileReference; lastKnownFileType = wrapper.framework; name = XCTest.framework; path = Library/Frameworks/XCTest.framework; sourceTree = DEVELOPER_DIR; };
		6724CB7C1994B26600E1C058 /* CRMManagerTests-Info.plist */ = {isa = PBXFileReference; lastKnownFileType = text.plist.xml; path = "CRMManagerTests-Info.plist"; sourceTree = "<group>"; };
		6724CB7E1994B26600E1C058 /* en */ = {isa = PBXFileReference; lastKnownFileType = text.plist.strings; name = en; path = en.lproj/InfoPlist.strings; sourceTree = "<group>"; };
		6724CB801994B26600E1C058 /* CRMManagerTests.m */ = {isa = PBXFileReference; lastKnownFileType = sourcecode.c.objc; path = CRMManagerTests.m; sourceTree = "<group>"; };
		6724CBA01994BD6A00E1C058 /* NSString+Tony.h */ = {isa = PBXFileReference; fileEncoding = 4; lastKnownFileType = sourcecode.c.h; path = "NSString+Tony.h"; sourceTree = "<group>"; };
		6724CBA11994BD6A00E1C058 /* NSString+Tony.m */ = {isa = PBXFileReference; fileEncoding = 4; lastKnownFileType = sourcecode.c.objc; path = "NSString+Tony.m"; sourceTree = "<group>"; };
		6724CBA31994BDBC00E1C058 /* AllCustomerCategoryHeaders.h */ = {isa = PBXFileReference; lastKnownFileType = sourcecode.c.h; path = AllCustomerCategoryHeaders.h; sourceTree = "<group>"; };
		67B7013C199B607F0061C345 /* ContactRecord.h */ = {isa = PBXFileReference; fileEncoding = 4; lastKnownFileType = sourcecode.c.h; path = ContactRecord.h; sourceTree = "<group>"; };
		67B7013D199B607F0061C345 /* ContactRecord.m */ = {isa = PBXFileReference; fileEncoding = 4; lastKnownFileType = sourcecode.c.objc; path = ContactRecord.m; sourceTree = "<group>"; };
		67B7013F199B61970061C345 /* ZDContactRecord.h */ = {isa = PBXFileReference; fileEncoding = 4; lastKnownFileType = sourcecode.c.h; path = ZDContactRecord.h; sourceTree = "<group>"; };
		67B70140199B61970061C345 /* ZDContactRecord.m */ = {isa = PBXFileReference; fileEncoding = 4; lastKnownFileType = sourcecode.c.objc; path = ZDContactRecord.m; sourceTree = "<group>"; };
		67B96CAF1999B03300CBF5AF /* ZDGesturePasswordSettingViewController.h */ = {isa = PBXFileReference; fileEncoding = 4; lastKnownFileType = sourcecode.c.h; path = ZDGesturePasswordSettingViewController.h; sourceTree = "<group>"; };
		67B96CB01999B03300CBF5AF /* ZDGesturePasswordSettingViewController.m */ = {isa = PBXFileReference; fileEncoding = 4; lastKnownFileType = sourcecode.c.objc; path = ZDGesturePasswordSettingViewController.m; sourceTree = "<group>"; };
		67BBE06C19A19D11006BE12C /* ZDChanceViewController.h */ = {isa = PBXFileReference; fileEncoding = 4; lastKnownFileType = sourcecode.c.h; path = ZDChanceViewController.h; sourceTree = "<group>"; };
		67BBE06D19A19D11006BE12C /* ZDChanceViewController.m */ = {isa = PBXFileReference; fileEncoding = 4; lastKnownFileType = sourcecode.c.objc; path = ZDChanceViewController.m; sourceTree = "<group>"; };
		67BDCB2C199DF83B00853285 /* ZDSuggestionViewController.h */ = {isa = PBXFileReference; fileEncoding = 4; lastKnownFileType = sourcecode.c.h; path = ZDSuggestionViewController.h; sourceTree = "<group>"; };
		67BDCB2D199DF83B00853285 /* ZDSuggestionViewController.m */ = {isa = PBXFileReference; fileEncoding = 4; lastKnownFileType = sourcecode.c.objc; path = ZDSuggestionViewController.m; sourceTree = "<group>"; };
		67C39A5C19985FBA00D796EA /* SSFPasswordGestureView.h */ = {isa = PBXFileReference; fileEncoding = 4; lastKnownFileType = sourcecode.c.h; path = SSFPasswordGestureView.h; sourceTree = "<group>"; };
		67C39A5D19985FBA00D796EA /* SSFPasswordGestureView.m */ = {isa = PBXFileReference; fileEncoding = 4; lastKnownFileType = sourcecode.c.objc; path = SSFPasswordGestureView.m; sourceTree = "<group>"; };
		67C39A5E19985FBA00D796EA /* SSFPasswordGestureView.xib */ = {isa = PBXFileReference; fileEncoding = 4; lastKnownFileType = file.xib; path = SSFPasswordGestureView.xib; sourceTree = "<group>"; };
		67C39A5F19985FBA00D796EA /* SSFPathLineLayer.h */ = {isa = PBXFileReference; fileEncoding = 4; lastKnownFileType = sourcecode.c.h; path = SSFPathLineLayer.h; sourceTree = "<group>"; };
		67C39A6019985FBA00D796EA /* SSFPathLineLayer.m */ = {isa = PBXFileReference; fileEncoding = 4; lastKnownFileType = sourcecode.c.objc; path = SSFPathLineLayer.m; sourceTree = "<group>"; };
		67C39A641998A89E00D796EA /* Business.h */ = {isa = PBXFileReference; fileEncoding = 4; lastKnownFileType = sourcecode.c.h; path = Business.h; sourceTree = "<group>"; };
		67C39A651998A89E00D796EA /* Business.m */ = {isa = PBXFileReference; fileEncoding = 4; lastKnownFileType = sourcecode.c.objc; path = Business.m; sourceTree = "<group>"; };
		FF598229199CFC360031D575 /* SSFLeftRightSwipeTableViewCell.h */ = {isa = PBXFileReference; fileEncoding = 4; lastKnownFileType = sourcecode.c.h; path = SSFLeftRightSwipeTableViewCell.h; sourceTree = "<group>"; };
		FF59822A199CFC360031D575 /* SSFLeftRightSwipeTableViewCell.m */ = {isa = PBXFileReference; fileEncoding = 4; lastKnownFileType = sourcecode.c.objc; path = SSFLeftRightSwipeTableViewCell.m; sourceTree = "<group>"; };
		FF59822B199CFC360031D575 /* SSFLeftRightSwipeTableViewCell.xib */ = {isa = PBXFileReference; fileEncoding = 4; lastKnownFileType = file.xib; path = SSFLeftRightSwipeTableViewCell.xib; sourceTree = "<group>"; };
		FF59828719A10FC50031D575 /* SSFSegmentControl.h */ = {isa = PBXFileReference; fileEncoding = 4; lastKnownFileType = sourcecode.c.h; path = SSFSegmentControl.h; sourceTree = "<group>"; };
		FF59828819A10FC50031D575 /* SSFSegmentControl.m */ = {isa = PBXFileReference; fileEncoding = 4; lastKnownFileType = sourcecode.c.objc; path = SSFSegmentControl.m; sourceTree = "<group>"; };
		FF59828919A10FC50031D575 /* SSFSegmentControl.xib */ = {isa = PBXFileReference; fileEncoding = 4; lastKnownFileType = file.xib; path = SSFSegmentControl.xib; sourceTree = "<group>"; };
		FF8F1A8C199604BC0062B71C /* ZDWebService+URL.h */ = {isa = PBXFileReference; fileEncoding = 4; lastKnownFileType = sourcecode.c.h; path = "ZDWebService+URL.h"; sourceTree = "<group>"; };
		FF8F1A8D199604BC0062B71C /* ZDWebService+URL.m */ = {isa = PBXFileReference; fileEncoding = 4; lastKnownFileType = sourcecode.c.objc; path = "ZDWebService+URL.m"; sourceTree = "<group>"; };
		FF8F1A8E199604BC0062B71C /* ZDWebService.h */ = {isa = PBXFileReference; fileEncoding = 4; lastKnownFileType = sourcecode.c.h; path = ZDWebService.h; sourceTree = "<group>"; };
		FF8F1A8F199604BC0062B71C /* ZDWebService.m */ = {isa = PBXFileReference; fileEncoding = 4; lastKnownFileType = sourcecode.c.objc; path = ZDWebService.m; sourceTree = "<group>"; };
		FF8F1A91199604BC0062B71C /* ZDModeClient.h */ = {isa = PBXFileReference; fileEncoding = 4; lastKnownFileType = sourcecode.c.h; path = ZDModeClient.h; sourceTree = "<group>"; };
		FF8F1A92199604BC0062B71C /* ZDModeClient.m */ = {isa = PBXFileReference; fileEncoding = 4; lastKnownFileType = sourcecode.c.objc; path = ZDModeClient.m; sourceTree = "<group>"; };
		FF8F1A971996051F0062B71C /* ZDModel.xcdatamodel */ = {isa = PBXFileReference; lastKnownFileType = wrapper.xcdatamodel; path = ZDModel.xcdatamodel; sourceTree = "<group>"; };
		FF8F1A99199611B40062B71C /* Product.h */ = {isa = PBXFileReference; fileEncoding = 4; lastKnownFileType = sourcecode.c.h; path = Product.h; sourceTree = "<group>"; };
		FF8F1A9A199611B40062B71C /* Product.m */ = {isa = PBXFileReference; fileEncoding = 4; lastKnownFileType = sourcecode.c.objc; path = Product.m; sourceTree = "<group>"; };
		FF8F1A9C199611B50062B71C /* Customer.h */ = {isa = PBXFileReference; fileEncoding = 4; lastKnownFileType = sourcecode.c.h; path = Customer.h; sourceTree = "<group>"; };
		FF8F1A9D199611B50062B71C /* Customer.m */ = {isa = PBXFileReference; fileEncoding = 4; lastKnownFileType = sourcecode.c.objc; path = Customer.m; sourceTree = "<group>"; };
		FF8F1A9F199611B50062B71C /* ManagerUser.h */ = {isa = PBXFileReference; fileEncoding = 4; lastKnownFileType = sourcecode.c.h; path = ManagerUser.h; sourceTree = "<group>"; };
		FF8F1AA0199611B50062B71C /* ManagerUser.m */ = {isa = PBXFileReference; fileEncoding = 4; lastKnownFileType = sourcecode.c.objc; path = ManagerUser.m; sourceTree = "<group>"; };
		FF8F1AA2199611B50062B71C /* ProductDetail.h */ = {isa = PBXFileReference; fileEncoding = 4; lastKnownFileType = sourcecode.c.h; path = ProductDetail.h; sourceTree = "<group>"; };
		FF8F1AA3199611B50062B71C /* ProductDetail.m */ = {isa = PBXFileReference; fileEncoding = 4; lastKnownFileType = sourcecode.c.objc; path = ProductDetail.m; sourceTree = "<group>"; };
		FF8F1AA51996121D0062B71C /* ZDLocalDB.h */ = {isa = PBXFileReference; fileEncoding = 4; lastKnownFileType = sourcecode.c.h; path = ZDLocalDB.h; sourceTree = "<group>"; };
		FF8F1AA61996121D0062B71C /* ZDLocalDB.m */ = {isa = PBXFileReference; fileEncoding = 4; lastKnownFileType = sourcecode.c.objc; path = ZDLocalDB.m; sourceTree = "<group>"; };
		FF8F1AA8199618850062B71C /* ZDCachePathUtility.h */ = {isa = PBXFileReference; fileEncoding = 4; lastKnownFileType = sourcecode.c.h; path = ZDCachePathUtility.h; sourceTree = "<group>"; };
		FF8F1AA9199618850062B71C /* ZDCachePathUtility.m */ = {isa = PBXFileReference; fileEncoding = 4; lastKnownFileType = sourcecode.c.objc; path = ZDCachePathUtility.m; sourceTree = "<group>"; };
		FF8F1AAB199755520062B71C /* ZDManagerUser.h */ = {isa = PBXFileReference; fileEncoding = 4; lastKnownFileType = sourcecode.c.h; path = ZDManagerUser.h; sourceTree = "<group>"; };
		FF8F1AAC199755520062B71C /* ZDManagerUser.m */ = {isa = PBXFileReference; fileEncoding = 4; lastKnownFileType = sourcecode.c.objc; path = ZDManagerUser.m; sourceTree = "<group>"; };
		FF8F1AAE199755A10062B71C /* ZDCustomer.h */ = {isa = PBXFileReference; fileEncoding = 4; lastKnownFileType = sourcecode.c.h; path = ZDCustomer.h; sourceTree = "<group>"; };
		FF8F1AAF199755A10062B71C /* ZDCustomer.m */ = {isa = PBXFileReference; fileEncoding = 4; lastKnownFileType = sourcecode.c.objc; path = ZDCustomer.m; sourceTree = "<group>"; };
		FF8F1AB1199755D10062B71C /* ZDProduct.h */ = {isa = PBXFileReference; fileEncoding = 4; lastKnownFileType = sourcecode.c.h; path = ZDProduct.h; sourceTree = "<group>"; };
		FF8F1AB2199755D10062B71C /* ZDProduct.m */ = {isa = PBXFileReference; fileEncoding = 4; lastKnownFileType = sourcecode.c.objc; path = ZDProduct.m; sourceTree = "<group>"; };
		FF8F1AB4199756320062B71C /* ZDProductDetail.h */ = {isa = PBXFileReference; fileEncoding = 4; lastKnownFileType = sourcecode.c.h; path = ZDProductDetail.h; sourceTree = "<group>"; };
		FF8F1AB5199756320062B71C /* ZDProductDetail.m */ = {isa = PBXFileReference; fileEncoding = 4; lastKnownFileType = sourcecode.c.objc; path = ZDProductDetail.m; sourceTree = "<group>"; };
/* End PBXFileReference section */

/* Begin PBXFrameworksBuildPhase section */
		6724CB4C1994B26600E1C058 /* Frameworks */ = {
			isa = PBXFrameworksBuildPhase;
			buildActionMask = 2147483647;
			files = (
				6724CB551994B26600E1C058 /* CoreGraphics.framework in Frameworks */,
				6724CB571994B26600E1C058 /* UIKit.framework in Frameworks */,
				6724CB531994B26600E1C058 /* Foundation.framework in Frameworks */,
			);
			runOnlyForDeploymentPostprocessing = 0;
		};
		6724CB701994B26600E1C058 /* Frameworks */ = {
			isa = PBXFrameworksBuildPhase;
			buildActionMask = 2147483647;
			files = (
				6724CB751994B26600E1C058 /* XCTest.framework in Frameworks */,
				6724CB771994B26600E1C058 /* UIKit.framework in Frameworks */,
				6724CB761994B26600E1C058 /* Foundation.framework in Frameworks */,
			);
			runOnlyForDeploymentPostprocessing = 0;
		};
/* End PBXFrameworksBuildPhase section */

/* Begin PBXGroup section */
		18E9F9901995B6F000E6DC8F /* Login */ = {
			isa = PBXGroup;
			children = (
				18E9F9911995B6F000E6DC8F /* ZDGesturePasswordViewController.h */,
				18E9F9921995B6F000E6DC8F /* ZDGesturePasswordViewController.m */,
				18E9F9931995B6F000E6DC8F /* ZDLoginViewController.h */,
				18E9F9941995B6F000E6DC8F /* ZDLoginViewController.m */,
			);
			path = Login;
			sourceTree = "<group>";
		};
		18E9F9951995B6F000E6DC8F /* Main */ = {
			isa = PBXGroup;
			children = (
				18E9F9961995B6F000E6DC8F /* ZDTabBarViewController.h */,
				18E9F9971995B6F000E6DC8F /* ZDTabBarViewController.m */,
			);
			path = Main;
			sourceTree = "<group>";
		};
		18E9F9981995B6F000E6DC8F /* Products */ = {
			isa = PBXGroup;
			children = (
				18E9F9991995B6F000E6DC8F /* ZDProductDetailViewController.h */,
				18E9F99A1995B6F000E6DC8F /* ZDProductDetailViewController.m */,
				18E9F99B1995B6F000E6DC8F /* ZDProductsListViewController.h */,
				18E9F99C1995B6F000E6DC8F /* ZDProductsListViewController.m */,
			);
			path = Products;
			sourceTree = "<group>";
		};
		18E9F99D1995B6F000E6DC8F /* Settings */ = {
			isa = PBXGroup;
			children = (
				18E9F9A01995B6F000E6DC8F /* ZDSettingViewController.h */,
				18E9F9A11995B6F000E6DC8F /* ZDSettingViewController.m */,
				67B96CAF1999B03300CBF5AF /* ZDGesturePasswordSettingViewController.h */,
				67B96CB01999B03300CBF5AF /* ZDGesturePasswordSettingViewController.m */,
				67BDCB2C199DF83B00853285 /* ZDSuggestionViewController.h */,
				67BDCB2D199DF83B00853285 /* ZDSuggestionViewController.m */,
			);
			path = Settings;
			sourceTree = "<group>";
		};
		6724CB461994B26600E1C058 = {
			isa = PBXGroup;
			children = (
				6724CB581994B26600E1C058 /* CRMManager */,
				6724CB7A1994B26600E1C058 /* CRMManagerTests */,
				6724CB511994B26600E1C058 /* Frameworks */,
				6724CB501994B26600E1C058 /* Products */,
			);
			sourceTree = "<group>";
		};
		6724CB501994B26600E1C058 /* Products */ = {
			isa = PBXGroup;
			children = (
				6724CB4F1994B26600E1C058 /* CRMManager.app */,
				6724CB731994B26600E1C058 /* CRMManagerTests.xctest */,
			);
			name = Products;
			sourceTree = "<group>";
		};
		6724CB511994B26600E1C058 /* Frameworks */ = {
			isa = PBXGroup;
			children = (
				6724CB521994B26600E1C058 /* Foundation.framework */,
				6724CB541994B26600E1C058 /* CoreGraphics.framework */,
				6724CB561994B26600E1C058 /* UIKit.framework */,
				6724CB741994B26600E1C058 /* XCTest.framework */,
			);
			name = Frameworks;
			sourceTree = "<group>";
		};
		6724CB581994B26600E1C058 /* CRMManager */ = {
			isa = PBXGroup;
			children = (
				6724CB901994B52E00E1C058 /* customerCategory */,
				6724CB8F1994B52500E1C058 /* view */,
				6724CB8E1994B51900E1C058 /* mode */,
				6724CB8A1994B50200E1C058 /* controller */,
				6724CB611994B26600E1C058 /* ZDAppDelegate.h */,
				6724CB621994B26600E1C058 /* ZDAppDelegate.m */,
				6724CB641994B26600E1C058 /* Main_iPhone.storyboard */,
				6724CB671994B26600E1C058 /* Main_iPad.storyboard */,
				6724CB6D1994B26600E1C058 /* Images.xcassets */,
				6724CB591994B26600E1C058 /* Supporting Files */,
			);
			path = CRMManager;
			sourceTree = "<group>";
		};
		6724CB591994B26600E1C058 /* Supporting Files */ = {
			isa = PBXGroup;
			children = (
				6724CB5A1994B26600E1C058 /* CRMManager-Info.plist */,
				6724CB5B1994B26600E1C058 /* InfoPlist.strings */,
				6724CB5E1994B26600E1C058 /* main.m */,
				6724CB601994B26600E1C058 /* CRMManager-Prefix.pch */,
			);
			name = "Supporting Files";
			sourceTree = "<group>";
		};
		6724CB7A1994B26600E1C058 /* CRMManagerTests */ = {
			isa = PBXGroup;
			children = (
				6724CB801994B26600E1C058 /* CRMManagerTests.m */,
				6724CB7B1994B26600E1C058 /* Supporting Files */,
			);
			path = CRMManagerTests;
			sourceTree = "<group>";
		};
		6724CB7B1994B26600E1C058 /* Supporting Files */ = {
			isa = PBXGroup;
			children = (
				6724CB7C1994B26600E1C058 /* CRMManagerTests-Info.plist */,
				6724CB7D1994B26600E1C058 /* InfoPlist.strings */,
			);
			name = "Supporting Files";
			sourceTree = "<group>";
		};
		6724CB8A1994B50200E1C058 /* controller */ = {
			isa = PBXGroup;
			children = (
				FF59822E199CFE760031D575 /* chance */,
				FF59822F199CFE760031D575 /* customer */,
				18E9F9901995B6F000E6DC8F /* Login */,
				18E9F9951995B6F000E6DC8F /* Main */,
				18E9F9981995B6F000E6DC8F /* Products */,
				18E9F99D1995B6F000E6DC8F /* Settings */,
			);
			path = controller;
			sourceTree = "<group>";
		};
		6724CB8E1994B51900E1C058 /* mode */ = {
			isa = PBXGroup;
			children = (
				FF8F1A90199604BC0062B71C /* ZDCommonMode */,
				FF8F1A8A199604BC0062B71C /* localDB */,
				FF8F1A8B199604BC0062B71C /* webservice */,
			);
			path = mode;
			sourceTree = "<group>";
		};
		6724CB8F1994B52500E1C058 /* view */ = {
			isa = PBXGroup;
			children = (
			);
			path = view;
			sourceTree = "<group>";
		};
		6724CB901994B52E00E1C058 /* customerCategory */ = {
			isa = PBXGroup;
			children = (
				6724CBA31994BDBC00E1C058 /* AllCustomerCategoryHeaders.h */,
				FF59828619A10FC50031D575 /* SSFSegmentedControl */,
				FF598228199CFC360031D575 /* SSFLeftRightSwipeCell */,
				67C39A5B19985FBA00D796EA /* SSFGesturePassword */,
				6724CBA01994BD6A00E1C058 /* NSString+Tony.h */,
				6724CBA11994BD6A00E1C058 /* NSString+Tony.m */,
				18861911199C0B09007635FC /* UIImage+Tab.h */,
				18861912199C0B09007635FC /* UIImage+Tab.m */,
			);
			path = customerCategory;
			sourceTree = "<group>";
		};
		67C39A5B19985FBA00D796EA /* SSFGesturePassword */ = {
			isa = PBXGroup;
			children = (
				67C39A5C19985FBA00D796EA /* SSFPasswordGestureView.h */,
				67C39A5D19985FBA00D796EA /* SSFPasswordGestureView.m */,
				67C39A5E19985FBA00D796EA /* SSFPasswordGestureView.xib */,
				67C39A5F19985FBA00D796EA /* SSFPathLineLayer.h */,
				67C39A6019985FBA00D796EA /* SSFPathLineLayer.m */,
			);
			path = SSFGesturePassword;
			sourceTree = "<group>";
		};
		FF598228199CFC360031D575 /* SSFLeftRightSwipeCell */ = {
			isa = PBXGroup;
			children = (
				FF598229199CFC360031D575 /* SSFLeftRightSwipeTableViewCell.h */,
				FF59822A199CFC360031D575 /* SSFLeftRightSwipeTableViewCell.m */,
				FF59822B199CFC360031D575 /* SSFLeftRightSwipeTableViewCell.xib */,
			);
			path = SSFLeftRightSwipeCell;
			sourceTree = "<group>";
		};
		FF59822E199CFE760031D575 /* chance */ = {
			isa = PBXGroup;
			children = (
				67BBE06C19A19D11006BE12C /* ZDChanceViewController.h */,
				67BBE06D19A19D11006BE12C /* ZDChanceViewController.m */,
			);
			path = chance;
			sourceTree = "<group>";
		};
		FF59822F199CFE760031D575 /* customer */ = {
			isa = PBXGroup;
			children = (
			);
			path = customer;
			sourceTree = "<group>";
		};
		FF59828619A10FC50031D575 /* SSFSegmentedControl */ = {
			isa = PBXGroup;
			children = (
				FF59828719A10FC50031D575 /* SSFSegmentControl.h */,
				FF59828819A10FC50031D575 /* SSFSegmentControl.m */,
				FF59828919A10FC50031D575 /* SSFSegmentControl.xib */,
			);
			path = SSFSegmentedControl;
			sourceTree = "<group>";
		};
		FF8F1A8A199604BC0062B71C /* localDB */ = {
			isa = PBXGroup;
			children = (
				FF8F1AA51996121D0062B71C /* ZDLocalDB.h */,
				FF8F1AA61996121D0062B71C /* ZDLocalDB.m */,
				FF8F1A961996051F0062B71C /* ZDModel.xcdatamodeld */,
				67C39A641998A89E00D796EA /* Business.h */,
				67C39A651998A89E00D796EA /* Business.m */,
				FF8F1AA2199611B50062B71C /* ProductDetail.h */,
				FF8F1AA3199611B50062B71C /* ProductDetail.m */,
				FF8F1A9F199611B50062B71C /* ManagerUser.h */,
				FF8F1AA0199611B50062B71C /* ManagerUser.m */,
				FF8F1A9C199611B50062B71C /* Customer.h */,
				FF8F1A9D199611B50062B71C /* Customer.m */,
				FF8F1A99199611B40062B71C /* Product.h */,
				FF8F1A9A199611B40062B71C /* Product.m */,
				67B7013C199B607F0061C345 /* ContactRecord.h */,
				67B7013D199B607F0061C345 /* ContactRecord.m */,
			);
			path = localDB;
			sourceTree = "<group>";
		};
		FF8F1A8B199604BC0062B71C /* webservice */ = {
			isa = PBXGroup;
			children = (
				FF8F1A8C199604BC0062B71C /* ZDWebService+URL.h */,
				FF8F1A8D199604BC0062B71C /* ZDWebService+URL.m */,
				FF8F1A8E199604BC0062B71C /* ZDWebService.h */,
				FF8F1A8F199604BC0062B71C /* ZDWebService.m */,
			);
			path = webservice;
			sourceTree = "<group>";
		};
		FF8F1A90199604BC0062B71C /* ZDCommonMode */ = {
			isa = PBXGroup;
			children = (
				FF8F1A91199604BC0062B71C /* ZDModeClient.h */,
				FF8F1A92199604BC0062B71C /* ZDModeClient.m */,
				FF8F1AA8199618850062B71C /* ZDCachePathUtility.h */,
				FF8F1AA9199618850062B71C /* ZDCachePathUtility.m */,
				FF8F1AAB199755520062B71C /* ZDManagerUser.h */,
				FF8F1AAC199755520062B71C /* ZDManagerUser.m */,
				FF8F1AAE199755A10062B71C /* ZDCustomer.h */,
				FF8F1AAF199755A10062B71C /* ZDCustomer.m */,
				FF8F1AB1199755D10062B71C /* ZDProduct.h */,
				FF8F1AB2199755D10062B71C /* ZDProduct.m */,
				FF8F1AB4199756320062B71C /* ZDProductDetail.h */,
				FF8F1AB5199756320062B71C /* ZDProductDetail.m */,
				67B7013F199B61970061C345 /* ZDContactRecord.h */,
				67B70140199B61970061C345 /* ZDContactRecord.m */,
			);
			path = ZDCommonMode;
			sourceTree = "<group>";
		};
/* End PBXGroup section */

/* Begin PBXNativeTarget section */
		6724CB4E1994B26600E1C058 /* CRMManager */ = {
			isa = PBXNativeTarget;
			buildConfigurationList = 6724CB841994B26600E1C058 /* Build configuration list for PBXNativeTarget "CRMManager" */;
			buildPhases = (
				6724CB4B1994B26600E1C058 /* Sources */,
				6724CB4C1994B26600E1C058 /* Frameworks */,
				6724CB4D1994B26600E1C058 /* Resources */,
			);
			buildRules = (
			);
			dependencies = (
			);
			name = CRMManager;
			productName = CRMManager;
			productReference = 6724CB4F1994B26600E1C058 /* CRMManager.app */;
			productType = "com.apple.product-type.application";
		};
		6724CB721994B26600E1C058 /* CRMManagerTests */ = {
			isa = PBXNativeTarget;
			buildConfigurationList = 6724CB871994B26600E1C058 /* Build configuration list for PBXNativeTarget "CRMManagerTests" */;
			buildPhases = (
				6724CB6F1994B26600E1C058 /* Sources */,
				6724CB701994B26600E1C058 /* Frameworks */,
				6724CB711994B26600E1C058 /* Resources */,
			);
			buildRules = (
			);
			dependencies = (
				6724CB791994B26600E1C058 /* PBXTargetDependency */,
			);
			name = CRMManagerTests;
			productName = CRMManagerTests;
			productReference = 6724CB731994B26600E1C058 /* CRMManagerTests.xctest */;
			productType = "com.apple.product-type.bundle.unit-test";
		};
/* End PBXNativeTarget section */

/* Begin PBXProject section */
		6724CB471994B26600E1C058 /* Project object */ = {
			isa = PBXProject;
			attributes = {
				CLASSPREFIX = ZD;
				LastUpgradeCheck = 0510;
				ORGANIZATIONNAME = peter;
				TargetAttributes = {
					6724CB4E1994B26600E1C058 = {
						DevelopmentTeam = 742CSLGJ92;
					};
					6724CB721994B26600E1C058 = {
						TestTargetID = 6724CB4E1994B26600E1C058;
					};
				};
			};
			buildConfigurationList = 6724CB4A1994B26600E1C058 /* Build configuration list for PBXProject "CRMManager" */;
			compatibilityVersion = "Xcode 3.2";
			developmentRegion = English;
			hasScannedForEncodings = 0;
			knownRegions = (
				en,
				Base,
			);
			mainGroup = 6724CB461994B26600E1C058;
			productRefGroup = 6724CB501994B26600E1C058 /* Products */;
			projectDirPath = "";
			projectRoot = "";
			targets = (
				6724CB4E1994B26600E1C058 /* CRMManager */,
				6724CB721994B26600E1C058 /* CRMManagerTests */,
			);
		};
/* End PBXProject section */

/* Begin PBXResourcesBuildPhase section */
		6724CB4D1994B26600E1C058 /* Resources */ = {
			isa = PBXResourcesBuildPhase;
			buildActionMask = 2147483647;
			files = (
				FF59828B19A10FC50031D575 /* SSFSegmentControl.xib in Resources */,
				6724CB691994B26600E1C058 /* Main_iPad.storyboard in Resources */,
				6724CB6E1994B26600E1C058 /* Images.xcassets in Resources */,
				67C39A6219985FBA00D796EA /* SSFPasswordGestureView.xib in Resources */,
				FF59822D199CFC360031D575 /* SSFLeftRightSwipeTableViewCell.xib in Resources */,
				6724CB661994B26600E1C058 /* Main_iPhone.storyboard in Resources */,
				6724CB5D1994B26600E1C058 /* InfoPlist.strings in Resources */,
			);
			runOnlyForDeploymentPostprocessing = 0;
		};
		6724CB711994B26600E1C058 /* Resources */ = {
			isa = PBXResourcesBuildPhase;
			buildActionMask = 2147483647;
			files = (
				6724CB7F1994B26600E1C058 /* InfoPlist.strings in Resources */,
			);
			runOnlyForDeploymentPostprocessing = 0;
		};
/* End PBXResourcesBuildPhase section */

/* Begin PBXSourcesBuildPhase section */
		6724CB4B1994B26600E1C058 /* Sources */ = {
			isa = PBXSourcesBuildPhase;
			buildActionMask = 2147483647;
			files = (
				18E9F9A31995B6F000E6DC8F /* ZDLoginViewController.m in Sources */,
				FF8F1AAD199755520062B71C /* ZDManagerUser.m in Sources */,
				6724CB631994B26600E1C058 /* ZDAppDelegate.m in Sources */,
				67B70141199B61970061C345 /* ZDContactRecord.m in Sources */,
				67C39A6119985FBA00D796EA /* SSFPasswordGestureView.m in Sources */,
				67B96CB11999B03300CBF5AF /* ZDGesturePasswordSettingViewController.m in Sources */,
				FF59828A19A10FC50031D575 /* SSFSegmentControl.m in Sources */,
				FF8F1AB0199755A10062B71C /* ZDCustomer.m in Sources */,
				67BBE06E19A19D11006BE12C /* ZDChanceViewController.m in Sources */,
				67C39A6319985FBA00D796EA /* SSFPathLineLayer.m in Sources */,
				FF8F1A95199604BC0062B71C /* ZDModeClient.m in Sources */,
				FF8F1AB6199756320062B71C /* ZDProductDetail.m in Sources */,
				67BDCB2E199DF83B00853285 /* ZDSuggestionViewController.m in Sources */,
				FF8F1AA4199611B50062B71C /* ProductDetail.m in Sources */,
				18E9F9A51995B6F000E6DC8F /* ZDProductDetailViewController.m in Sources */,
				18E9F9A81995B6F000E6DC8F /* ZDSettingViewController.m in Sources */,
				FF8F1A9B199611B40062B71C /* Product.m in Sources */,
				FF8F1A9E199611B50062B71C /* Customer.m in Sources */,
				FF8F1AA1199611B50062B71C /* ManagerUser.m in Sources */,
				FF8F1A93199604BC0062B71C /* ZDWebService+URL.m in Sources */,
				FF8F1A981996051F0062B71C /* ZDModel.xcdatamodeld in Sources */,
				FF8F1A94199604BC0062B71C /* ZDWebService.m in Sources */,
				67C39A661998A89E00D796EA /* Business.m in Sources */,
				18E9F9A21995B6F000E6DC8F /* ZDGesturePasswordViewController.m in Sources */,
				FF59822C199CFC360031D575 /* SSFLeftRightSwipeTableViewCell.m in Sources */,
				67B7013E199B607F0061C345 /* ContactRecord.m in Sources */,
				FF8F1AAA199618850062B71C /* ZDCachePathUtility.m in Sources */,
				6724CB5F1994B26600E1C058 /* main.m in Sources */,
				18E9F9A61995B6F000E6DC8F /* ZDProductsListViewController.m in Sources */,
				18861913199C0B09007635FC /* UIImage+Tab.m in Sources */,
				FF8F1AB3199755D10062B71C /* ZDProduct.m in Sources */,
				18E9F9A41995B6F000E6DC8F /* ZDTabBarViewController.m in Sources */,
				FF8F1AA71996121D0062B71C /* ZDLocalDB.m in Sources */,
				6724CBA21994BD6A00E1C058 /* NSString+Tony.m in Sources */,
			);
			runOnlyForDeploymentPostprocessing = 0;
		};
		6724CB6F1994B26600E1C058 /* Sources */ = {
			isa = PBXSourcesBuildPhase;
			buildActionMask = 2147483647;
			files = (
				6724CB811994B26600E1C058 /* CRMManagerTests.m in Sources */,
			);
			runOnlyForDeploymentPostprocessing = 0;
		};
/* End PBXSourcesBuildPhase section */

/* Begin PBXTargetDependency section */
		6724CB791994B26600E1C058 /* PBXTargetDependency */ = {
			isa = PBXTargetDependency;
			target = 6724CB4E1994B26600E1C058 /* CRMManager */;
			targetProxy = 6724CB781994B26600E1C058 /* PBXContainerItemProxy */;
		};
/* End PBXTargetDependency section */

/* Begin PBXVariantGroup section */
		6724CB5B1994B26600E1C058 /* InfoPlist.strings */ = {
			isa = PBXVariantGroup;
			children = (
				6724CB5C1994B26600E1C058 /* en */,
			);
			name = InfoPlist.strings;
			sourceTree = "<group>";
		};
		6724CB641994B26600E1C058 /* Main_iPhone.storyboard */ = {
			isa = PBXVariantGroup;
			children = (
				6724CB651994B26600E1C058 /* Base */,
			);
			name = Main_iPhone.storyboard;
			sourceTree = "<group>";
		};
		6724CB671994B26600E1C058 /* Main_iPad.storyboard */ = {
			isa = PBXVariantGroup;
			children = (
				6724CB681994B26600E1C058 /* Base */,
			);
			name = Main_iPad.storyboard;
			sourceTree = "<group>";
		};
		6724CB7D1994B26600E1C058 /* InfoPlist.strings */ = {
			isa = PBXVariantGroup;
			children = (
				6724CB7E1994B26600E1C058 /* en */,
			);
			name = InfoPlist.strings;
			sourceTree = "<group>";
		};
/* End PBXVariantGroup section */

/* Begin XCBuildConfiguration section */
		6724CB821994B26600E1C058 /* Debug */ = {
			isa = XCBuildConfiguration;
			buildSettings = {
				ALWAYS_SEARCH_USER_PATHS = NO;
				CLANG_CXX_LANGUAGE_STANDARD = "gnu++0x";
				CLANG_CXX_LIBRARY = "libc++";
				CLANG_ENABLE_MODULES = YES;
				CLANG_ENABLE_OBJC_ARC = YES;
				CLANG_WARN_BOOL_CONVERSION = YES;
				CLANG_WARN_CONSTANT_CONVERSION = YES;
				CLANG_WARN_DIRECT_OBJC_ISA_USAGE = YES_ERROR;
				CLANG_WARN_EMPTY_BODY = YES;
				CLANG_WARN_ENUM_CONVERSION = YES;
				CLANG_WARN_INT_CONVERSION = YES;
				CLANG_WARN_OBJC_ROOT_CLASS = YES_ERROR;
				CLANG_WARN__DUPLICATE_METHOD_MATCH = YES;
				"CODE_SIGN_IDENTITY[sdk=iphoneos*]" = "iPhone Developer";
				COPY_PHASE_STRIP = NO;
				GCC_C_LANGUAGE_STANDARD = gnu99;
				GCC_DYNAMIC_NO_PIC = NO;
				GCC_OPTIMIZATION_LEVEL = 0;
				GCC_PREPROCESSOR_DEFINITIONS = (
					"DEBUG=1",
					"$(inherited)",
				);
				GCC_SYMBOLS_PRIVATE_EXTERN = NO;
				GCC_WARN_64_TO_32_BIT_CONVERSION = YES;
				GCC_WARN_ABOUT_RETURN_TYPE = YES_ERROR;
				GCC_WARN_UNDECLARED_SELECTOR = YES;
				GCC_WARN_UNINITIALIZED_AUTOS = YES_AGGRESSIVE;
				GCC_WARN_UNUSED_FUNCTION = YES;
				GCC_WARN_UNUSED_VARIABLE = YES;
				IPHONEOS_DEPLOYMENT_TARGET = 7.1;
				ONLY_ACTIVE_ARCH = YES;
				SDKROOT = iphoneos;
				TARGETED_DEVICE_FAMILY = "1,2";
			};
			name = Debug;
		};
		6724CB831994B26600E1C058 /* Release */ = {
			isa = XCBuildConfiguration;
			buildSettings = {
				ALWAYS_SEARCH_USER_PATHS = NO;
				CLANG_CXX_LANGUAGE_STANDARD = "gnu++0x";
				CLANG_CXX_LIBRARY = "libc++";
				CLANG_ENABLE_MODULES = YES;
				CLANG_ENABLE_OBJC_ARC = YES;
				CLANG_WARN_BOOL_CONVERSION = YES;
				CLANG_WARN_CONSTANT_CONVERSION = YES;
				CLANG_WARN_DIRECT_OBJC_ISA_USAGE = YES_ERROR;
				CLANG_WARN_EMPTY_BODY = YES;
				CLANG_WARN_ENUM_CONVERSION = YES;
				CLANG_WARN_INT_CONVERSION = YES;
				CLANG_WARN_OBJC_ROOT_CLASS = YES_ERROR;
				CLANG_WARN__DUPLICATE_METHOD_MATCH = YES;
				"CODE_SIGN_IDENTITY[sdk=iphoneos*]" = "iPhone Developer";
				COPY_PHASE_STRIP = YES;
				ENABLE_NS_ASSERTIONS = NO;
				GCC_C_LANGUAGE_STANDARD = gnu99;
				GCC_WARN_64_TO_32_BIT_CONVERSION = YES;
				GCC_WARN_ABOUT_RETURN_TYPE = YES_ERROR;
				GCC_WARN_UNDECLARED_SELECTOR = YES;
				GCC_WARN_UNINITIALIZED_AUTOS = YES_AGGRESSIVE;
				GCC_WARN_UNUSED_FUNCTION = YES;
				GCC_WARN_UNUSED_VARIABLE = YES;
				IPHONEOS_DEPLOYMENT_TARGET = 7.1;
				SDKROOT = iphoneos;
				TARGETED_DEVICE_FAMILY = "1,2";
				VALIDATE_PRODUCT = YES;
			};
			name = Release;
		};
		6724CB851994B26600E1C058 /* Debug */ = {
			isa = XCBuildConfiguration;
			buildSettings = {
				ASSETCATALOG_COMPILER_APPICON_NAME = AppIcon;
				ASSETCATALOG_COMPILER_LAUNCHIMAGE_NAME = LaunchImage;
				CODE_SIGN_IDENTITY = "iPhone Developer";
				"CODE_SIGN_IDENTITY[sdk=iphoneos*]" = "iPhone Developer";
				GCC_PRECOMPILE_PREFIX_HEADER = YES;
				GCC_PREFIX_HEADER = "CRMManager/CRMManager-Prefix.pch";
				INFOPLIST_FILE = "CRMManager/CRMManager-Info.plist";
				IPHONEOS_DEPLOYMENT_TARGET = 6.1;
				PRODUCT_NAME = "$(TARGET_NAME)";
				PROVISIONING_PROFILE = "";
				WRAPPER_EXTENSION = app;
			};
			name = Debug;
		};
		6724CB861994B26600E1C058 /* Release */ = {
			isa = XCBuildConfiguration;
			buildSettings = {
				ASSETCATALOG_COMPILER_APPICON_NAME = AppIcon;
				ASSETCATALOG_COMPILER_LAUNCHIMAGE_NAME = LaunchImage;
				CODE_SIGN_IDENTITY = "iPhone Developer";
				"CODE_SIGN_IDENTITY[sdk=iphoneos*]" = "iPhone Developer";
				GCC_PRECOMPILE_PREFIX_HEADER = YES;
				GCC_PREFIX_HEADER = "CRMManager/CRMManager-Prefix.pch";
				INFOPLIST_FILE = "CRMManager/CRMManager-Info.plist";
				IPHONEOS_DEPLOYMENT_TARGET = 6.1;
				PRODUCT_NAME = "$(TARGET_NAME)";
				PROVISIONING_PROFILE = "";
				WRAPPER_EXTENSION = app;
			};
			name = Release;
		};
		6724CB881994B26600E1C058 /* Debug */ = {
			isa = XCBuildConfiguration;
			buildSettings = {
				BUNDLE_LOADER = "$(BUILT_PRODUCTS_DIR)/CRMManager.app/CRMManager";
				FRAMEWORK_SEARCH_PATHS = (
					"$(SDKROOT)/Developer/Library/Frameworks",
					"$(inherited)",
					"$(DEVELOPER_FRAMEWORKS_DIR)",
				);
				GCC_PRECOMPILE_PREFIX_HEADER = YES;
				GCC_PREFIX_HEADER = "CRMManager/CRMManager-Prefix.pch";
				GCC_PREPROCESSOR_DEFINITIONS = (
					"DEBUG=1",
					"$(inherited)",
				);
				INFOPLIST_FILE = "CRMManagerTests/CRMManagerTests-Info.plist";
				PRODUCT_NAME = "$(TARGET_NAME)";
				TEST_HOST = "$(BUNDLE_LOADER)";
				WRAPPER_EXTENSION = xctest;
			};
			name = Debug;
		};
		6724CB891994B26600E1C058 /* Release */ = {
			isa = XCBuildConfiguration;
			buildSettings = {
				BUNDLE_LOADER = "$(BUILT_PRODUCTS_DIR)/CRMManager.app/CRMManager";
				FRAMEWORK_SEARCH_PATHS = (
					"$(SDKROOT)/Developer/Library/Frameworks",
					"$(inherited)",
					"$(DEVELOPER_FRAMEWORKS_DIR)",
				);
				GCC_PRECOMPILE_PREFIX_HEADER = YES;
				GCC_PREFIX_HEADER = "CRMManager/CRMManager-Prefix.pch";
				INFOPLIST_FILE = "CRMManagerTests/CRMManagerTests-Info.plist";
				PRODUCT_NAME = "$(TARGET_NAME)";
				TEST_HOST = "$(BUNDLE_LOADER)";
				WRAPPER_EXTENSION = xctest;
			};
			name = Release;
		};
/* End XCBuildConfiguration section */

/* Begin XCConfigurationList section */
		6724CB4A1994B26600E1C058 /* Build configuration list for PBXProject "CRMManager" */ = {
			isa = XCConfigurationList;
			buildConfigurations = (
				6724CB821994B26600E1C058 /* Debug */,
				6724CB831994B26600E1C058 /* Release */,
			);
			defaultConfigurationIsVisible = 0;
			defaultConfigurationName = Release;
		};
		6724CB841994B26600E1C058 /* Build configuration list for PBXNativeTarget "CRMManager" */ = {
			isa = XCConfigurationList;
			buildConfigurations = (
				6724CB851994B26600E1C058 /* Debug */,
				6724CB861994B26600E1C058 /* Release */,
			);
			defaultConfigurationIsVisible = 0;
			defaultConfigurationName = Release;
		};
		6724CB871994B26600E1C058 /* Build configuration list for PBXNativeTarget "CRMManagerTests" */ = {
			isa = XCConfigurationList;
			buildConfigurations = (
				6724CB881994B26600E1C058 /* Debug */,
				6724CB891994B26600E1C058 /* Release */,
			);
			defaultConfigurationIsVisible = 0;
			defaultConfigurationName = Release;
		};
/* End XCConfigurationList section */

/* Begin XCVersionGroup section */
		FF8F1A961996051F0062B71C /* ZDModel.xcdatamodeld */ = {
			isa = XCVersionGroup;
			children = (
				FF8F1A971996051F0062B71C /* ZDModel.xcdatamodel */,
			);
			currentVersion = FF8F1A971996051F0062B71C /* ZDModel.xcdatamodel */;
			path = ZDModel.xcdatamodeld;
			sourceTree = "<group>";
			versionGroupType = wrapper.xcdatamodel;
		};
/* End XCVersionGroup section */
	};
	rootObject = 6724CB471994B26600E1C058 /* Project object */;
}
